
Microsoft Visual Studio Solution File, Format Version 12.00
# Visual Studio Version 16
VisualStudioVersion = 16.0.32106.194
MinimumVisualStudioVersion = 10.0.40219.1
Project("{FAE04EC0-301F-11D3-BF4B-00C04F79EFBC}") = "Pedometer", "Pedometer.csproj", "{C9735997-44EA-4DFC-A920-15F38A46D90F}"
EndProject
Global
	GlobalSection(SolutionConfigurationPlatforms) = preSolution
		Debug|Any CPU = Debug|Any CPU
		Release|Any CPU = Release|Any CPU
	EndGlobalSection
	GlobalSection(ProjectConfigurationPlatforms) = postSolution
		{C9735997-44EA-4DFC-A920-15F38A46D90F}.Debug|Any CPU.ActiveCfg = Debug|Any CPU
		{C9735997-44EA-4DFC-A920-15F38A46D90F}.Debug|Any CPU.Build.0 = Debug|Any CPU
		{C9735997-44EA-4DFC-A920-15F38A46D90F}.Release|Any CPU.ActiveCfg = Release|Any CPU
		{C9735997-44EA-4DFC-A920-15F38A46D90F}.Release|Any CPU.Build.0 = Release|Any CPU
	EndGlobalSection
	GlobalSection(SolutionProperties) = preSolution
		HideSolutionNode = FALSE
	EndGlobalSection
	GlobalSection(ExtensibilityGlobals) = postSolution
		SolutionGuid = {95F57111-3726-4EDE-9F09-7943D0E11BF3}
	EndGlobalSection
EndGlobal
